
Microsoft Visual Studio Solution File, Format Version 12.00
# Visual Studio Version 17
VisualStudioVersion = 17.9.34723.18
MinimumVisualStudioVersion = 10.0.40219.1
Project("{9A19103F-16F7-4668-BE54-9A1E7A4F7556}") = "BusinessObject", "BusinessObject\BusinessObject.csproj", "{AFF8DC1B-2CFE-411C-BEA2-3B5CE71A8186}"
EndProject
Project("{9A19103F-16F7-4668-BE54-9A1E7A4F7556}") = "DataAccess", "DataAccess\DataAccess.csproj", "{5FA66CF5-C604-4347-A8B3-B1F81D681B0D}"
EndProject
Project("{9A19103F-16F7-4668-BE54-9A1E7A4F7556}") = "Repository", "Repository\Repository.csproj", "{7566E644-010E-4B40-BABD-8AC98644EF1E}"
EndProject
Project("{9A19103F-16F7-4668-BE54-9A1E7A4F7556}") = "Service", "Service\Service.csproj", "{6483A861-121D-44E6-9816-09E1530D725C}"
EndProject
Project("{FAE04EC0-301F-11D3-BF4B-00C04F79EFBC}") = "HaCongHieuRazorPages", "HaCongHieuRazorPages\HaCongHieuRazorPages.csproj", "{BCCBE62D-80BD-457C-95B2-45761EF27BA6}"
EndProject
Global
	GlobalSection(SolutionConfigurationPlatforms) = preSolution
		Debug|Any CPU = Debug|Any CPU
		Release|Any CPU = Release|Any CPU
	EndGlobalSection
	GlobalSection(ProjectConfigurationPlatforms) = postSolution
		{AFF8DC1B-2CFE-411C-BEA2-3B5CE71A8186}.Debug|Any CPU.ActiveCfg = Debug|Any CPU
		{AFF8DC1B-2CFE-411C-BEA2-3B5CE71A8186}.Debug|Any CPU.Build.0 = Debug|Any CPU
		{AFF8DC1B-2CFE-411C-BEA2-3B5CE71A8186}.Release|Any CPU.ActiveCfg = Release|Any CPU
		{AFF8DC1B-2CFE-411C-BEA2-3B5CE71A8186}.Release|Any CPU.Build.0 = Release|Any CPU
		{5FA66CF5-C604-4347-A8B3-B1F81D681B0D}.Debug|Any CPU.ActiveCfg = Debug|Any CPU
		{5FA66CF5-C604-4347-A8B3-B1F81D681B0D}.Debug|Any CPU.Build.0 = Debug|Any CPU
		{5FA66CF5-C604-4347-A8B3-B1F81D681B0D}.Release|Any CPU.ActiveCfg = Release|Any CPU
		{5FA66CF5-C604-4347-A8B3-B1F81D681B0D}.Release|Any CPU.Build.0 = Release|Any CPU
		{7566E644-010E-4B40-BABD-8AC98644EF1E}.Debug|Any CPU.ActiveCfg = Debug|Any CPU
		{7566E644-010E-4B40-BABD-8AC98644EF1E}.Debug|Any CPU.Build.0 = Debug|Any CPU
		{7566E644-010E-4B40-BABD-8AC98644EF1E}.Release|Any CPU.ActiveCfg = Release|Any CPU
		{7566E644-010E-4B40-BABD-8AC98644EF1E}.Release|Any CPU.Build.0 = Release|Any CPU
		{6483A861-121D-44E6-9816-09E1530D725C}.Debug|Any CPU.ActiveCfg = Debug|Any CPU
		{6483A861-121D-44E6-9816-09E1530D725C}.Debug|Any CPU.Build.0 = Debug|Any CPU
		{6483A861-121D-44E6-9816-09E1530D725C}.Release|Any CPU.ActiveCfg = Release|Any CPU
		{6483A861-121D-44E6-9816-09E1530D725C}.Release|Any CPU.Build.0 = Release|Any CPU
		{BCCBE62D-80BD-457C-95B2-45761EF27BA6}.Debug|Any CPU.ActiveCfg = Debug|Any CPU
		{BCCBE62D-80BD-457C-95B2-45761EF27BA6}.Debug|Any CPU.Build.0 = Debug|Any CPU
		{BCCBE62D-80BD-457C-95B2-45761EF27BA6}.Release|Any CPU.ActiveCfg = Release|Any CPU
		{BCCBE62D-80BD-457C-95B2-45761EF27BA6}.Release|Any CPU.Build.0 = Release|Any CPU
	EndGlobalSection
	GlobalSection(SolutionProperties) = preSolution
		HideSolutionNode = FALSE
	EndGlobalSection
	GlobalSection(ExtensibilityGlobals) = postSolution
		SolutionGuid = {A61E84DD-8A31-4535-9481-B8C60F8488B8}
	EndGlobalSection
EndGlobal
